{
  "name": "cm-chessboard-sounds",
  "version": "1.0.0",
  "lockfileVersion": 3,
  "requires": true,
  "packages": {
    "": {
      "name": "cm-chessboard-sounds",
      "version": "1.0.0",
      "license": "MIT",
      "dependencies": {
        "cm-chessboard": "^7.8.4"
      },
      "devDependencies": {
        "extreme-minimal-css": "^1.1.0"
      }
    },
    "node_modules/cm-chessboard": {
      "version": "7.8.4",
      "resolved": "https://registry.npmjs.org/cm-chessboard/-/cm-chessboard-7.8.4.tgz",
      "integrity": "sha512-rlPdw7J6rZetWWrbSjGXx1A5dASdM1g1upgApQr1U0ZeqPd9e8Ldd8PSpLE10jLQiOuSGFX1qfpxLOcc8MbSAA=="
    },
    "node_modules/extreme-minimal-css": {
      "version": "1.1.0",
      "resolved": "https://registry.npmjs.org/extreme-minimal-css/-/extreme-minimal-css-1.1.0.tgz",
      "integrity": "sha512-eMOgs25YhZzkQGVBlc/QBINYTiC5u7etgow64clDH91YxHLO7RpZ2uaC943E+H5X2GsDWQEtJuR47/p9KtuPGw==",
      "dev": true
    }
  }
}
